# This file is automatically @generated by Wally.
# It is not intended for manual editing.
registry = "test"

[[package]]
name = "evaera/promise"
version = "4.0.0"
dependencies = []

[[package]]
name = "howmanysmall/promise-utilities"
version = "1.0.0"
dependencies = [["Promise", "howmanysmall/typed-promise@4.0.3"], ["ThreadUtilities", "howmanysmall/thread-utilities@1.0.1"]]

[[package]]
name = "howmanysmall/thread-utilities"
version = "1.0.1"
dependencies = []

[[package]]
name = "howmanysmall/typed-promise"
version = "4.0.3"
dependencies = [["Promise", "evaera/promise@4.0.0"]]
